
Microsoft Visual Studio Solution File, Format Version 12.00
# Visual Studio Version 17
VisualStudioVersion = 17.1.32319.34
MinimumVisualStudioVersion = 10.0.40219.1
Project("{9A19103F-16F7-4668-BE54-9A1E7A4F7556}") = "SecondTask", "SecondTask\SecondTask.csproj", "{EEA0E693-53D3-41B6-B565-1D5E20361399}"
EndProject
Project("{FAE04EC0-301F-11D3-BF4B-00C04F79EFBC}") = "SecondTask.Tests", "SecondTask.Tests\SecondTask.Tests.csproj", "{0A01CD48-360C-4237-BEBD-F218B85E9E7A}"
EndProject
Global
	GlobalSection(SolutionConfigurationPlatforms) = preSolution
		Debug|Any CPU = Debug|Any CPU
		Release|Any CPU = Release|Any CPU
	EndGlobalSection
	GlobalSection(ProjectConfigurationPlatforms) = postSolution
		{EEA0E693-53D3-41B6-B565-1D5E20361399}.Debug|Any CPU.ActiveCfg = Debug|Any CPU
		{EEA0E693-53D3-41B6-B565-1D5E20361399}.Debug|Any CPU.Build.0 = Debug|Any CPU
		{EEA0E693-53D3-41B6-B565-1D5E20361399}.Release|Any CPU.ActiveCfg = Release|Any CPU
		{EEA0E693-53D3-41B6-B565-1D5E20361399}.Release|Any CPU.Build.0 = Release|Any CPU
		{0A01CD48-360C-4237-BEBD-F218B85E9E7A}.Debug|Any CPU.ActiveCfg = Debug|Any CPU
		{0A01CD48-360C-4237-BEBD-F218B85E9E7A}.Debug|Any CPU.Build.0 = Debug|Any CPU
		{0A01CD48-360C-4237-BEBD-F218B85E9E7A}.Release|Any CPU.ActiveCfg = Release|Any CPU
		{0A01CD48-360C-4237-BEBD-F218B85E9E7A}.Release|Any CPU.Build.0 = Release|Any CPU
	EndGlobalSection
	GlobalSection(SolutionProperties) = preSolution
		HideSolutionNode = FALSE
	EndGlobalSection
	GlobalSection(ExtensibilityGlobals) = postSolution
		SolutionGuid = {119D0F49-521C-4338-831E-89BC82207E9C}
	EndGlobalSection
EndGlobal
