
Microsoft Visual Studio Solution File, Format Version 12.00
# Visual Studio Version 17
VisualStudioVersion = 17.1.32228.430
MinimumVisualStudioVersion = 10.0.40219.1
Project("{FAE04EC0-301F-11D3-BF4B-00C04F79EFBC}") = "TaskFromLeetCode1", "TaskFromLeetCode1\TaskFromLeetCode1.csproj", "{7C8730BD-A481-4D1C-B85B-62ED8B740C63}"
EndProject
Global
	GlobalSection(SolutionConfigurationPlatforms) = preSolution
		Debug|Any CPU = Debug|Any CPU
		Release|Any CPU = Release|Any CPU
	EndGlobalSection
	GlobalSection(ProjectConfigurationPlatforms) = postSolution
		{7C8730BD-A481-4D1C-B85B-62ED8B740C63}.Debug|Any CPU.ActiveCfg = Debug|Any CPU
		{7C8730BD-A481-4D1C-B85B-62ED8B740C63}.Debug|Any CPU.Build.0 = Debug|Any CPU
		{7C8730BD-A481-4D1C-B85B-62ED8B740C63}.Release|Any CPU.ActiveCfg = Release|Any CPU
		{7C8730BD-A481-4D1C-B85B-62ED8B740C63}.Release|Any CPU.Build.0 = Release|Any CPU
	EndGlobalSection
	GlobalSection(SolutionProperties) = preSolution
		HideSolutionNode = FALSE
	EndGlobalSection
	GlobalSection(ExtensibilityGlobals) = postSolution
		SolutionGuid = {36F29BF8-E2FB-48E7-A985-CE8CFD562499}
	EndGlobalSection
EndGlobal
